
Microsoft Visual Studio Solution File, Format Version 12.00
# Visual Studio Version 17
VisualStudioVersion = 17.12.35527.113 d17.12
MinimumVisualStudioVersion = 10.0.40219.1
Project("{FAE04EC0-301F-11D3-BF4B-00C04F79EFBC}") = "EShopBE", "EShopBE\EShopBE.csproj", "{A5D3697C-341B-4464-945E-5E10C60A0CB4}"
EndProject
Project("{FAE04EC0-301F-11D3-BF4B-00C04F79EFBC}") = "EShopBE.Domain", "EShopBE.Domain\EShopBE.Domain.csproj", "{38F010B2-3170-460B-A11F-EDF188D43D34}"
EndProject
Project("{FAE04EC0-301F-11D3-BF4B-00C04F79EFBC}") = "EShopBE.Models", "EShopBE.Models\EShopBE.Models.csproj", "{AF0DF68E-C918-41A8-BA2C-155D4623DB1F}"
EndProject
Global
	GlobalSection(SolutionConfigurationPlatforms) = preSolution
		Debug|Any CPU = Debug|Any CPU
		Release|Any CPU = Release|Any CPU
	EndGlobalSection
	GlobalSection(ProjectConfigurationPlatforms) = postSolution
		{A5D3697C-341B-4464-945E-5E10C60A0CB4}.Debug|Any CPU.ActiveCfg = Debug|Any CPU
		{A5D3697C-341B-4464-945E-5E10C60A0CB4}.Debug|Any CPU.Build.0 = Debug|Any CPU
		{A5D3697C-341B-4464-945E-5E10C60A0CB4}.Release|Any CPU.ActiveCfg = Release|Any CPU
		{A5D3697C-341B-4464-945E-5E10C60A0CB4}.Release|Any CPU.Build.0 = Release|Any CPU
		{38F010B2-3170-460B-A11F-EDF188D43D34}.Debug|Any CPU.ActiveCfg = Debug|Any CPU
		{38F010B2-3170-460B-A11F-EDF188D43D34}.Debug|Any CPU.Build.0 = Debug|Any CPU
		{38F010B2-3170-460B-A11F-EDF188D43D34}.Release|Any CPU.ActiveCfg = Release|Any CPU
		{38F010B2-3170-460B-A11F-EDF188D43D34}.Release|Any CPU.Build.0 = Release|Any CPU
		{AF0DF68E-C918-41A8-BA2C-155D4623DB1F}.Debug|Any CPU.ActiveCfg = Debug|Any CPU
		{AF0DF68E-C918-41A8-BA2C-155D4623DB1F}.Debug|Any CPU.Build.0 = Debug|Any CPU
		{AF0DF68E-C918-41A8-BA2C-155D4623DB1F}.Release|Any CPU.ActiveCfg = Release|Any CPU
		{AF0DF68E-C918-41A8-BA2C-155D4623DB1F}.Release|Any CPU.Build.0 = Release|Any CPU
	EndGlobalSection
	GlobalSection(SolutionProperties) = preSolution
		HideSolutionNode = FALSE
	EndGlobalSection
EndGlobal
